
Microsoft Visual Studio Solution File, Format Version 12.00
# Visual Studio 15
VisualStudioVersion = 15.0.28010.2019
MinimumVisualStudioVersion = 10.0.40219.1
Project("{FAE04EC0-301F-11D3-BF4B-00C04F79EFBC}") = "HomeGardenWebApp", "HomeGardenWebApp.csproj", "{BBFA1069-5D2E-4474-A21F-AF602707505E}"
EndProject
Global
	GlobalSection(SolutionConfigurationPlatforms) = preSolution
		Debug|Any CPU = Debug|Any CPU
		Release|Any CPU = Release|Any CPU
	EndGlobalSection
	GlobalSection(ProjectConfigurationPlatforms) = postSolution
		{BBFA1069-5D2E-4474-A21F-AF602707505E}.Debug|Any CPU.ActiveCfg = Debug|Any CPU
		{BBFA1069-5D2E-4474-A21F-AF602707505E}.Debug|Any CPU.Build.0 = Debug|Any CPU
		{BBFA1069-5D2E-4474-A21F-AF602707505E}.Release|Any CPU.ActiveCfg = Release|Any CPU
		{BBFA1069-5D2E-4474-A21F-AF602707505E}.Release|Any CPU.Build.0 = Release|Any CPU
	EndGlobalSection
	GlobalSection(SolutionProperties) = preSolution
		HideSolutionNode = FALSE
	EndGlobalSection
	GlobalSection(ExtensibilityGlobals) = postSolution
		SolutionGuid = {08887E83-3F07-4929-8B90-CD93676DAA5F}
	EndGlobalSection
EndGlobal
